// !$*UTF8*$!
{
	archiveVersion = 1;
	classes = {
	};
	objectVersion = 48;
	objects = {

/* Begin PBXBuildFile section */
		787B13AC205C2BD200F96A4B /* Men's Basketball.swift in Sources */ = {isa = PBXBuildFile; fileRef = 787B13AB205C2BD200F96A4B /* Men's Basketball.swift */; };
		787B13AE205C30FF00F96A4B /* Women's Basketball.swift in Sources */ = {isa = PBXBuildFile; fileRef = 787B13AD205C30FF00F96A4B /* Women's Basketball.swift */; };
		787B13B0205C320D00F96A4B /* Men's Soccer.swift in Sources */ = {isa = PBXBuildFile; fileRef = 787B13AF205C320D00F96A4B /* Men's Soccer.swift */; };
		787B13B2205C331100F96A4B /* Women's Soccer.swift in Sources */ = {isa = PBXBuildFile; fileRef = 787B13B1205C331100F96A4B /* Women's Soccer.swift */; };
		787B13BC20602CC200F96A4B /* SportsCollectionViewController.swift in Sources */ = {isa = PBXBuildFile; fileRef = 787B13BB20602CC200F96A4B /* SportsCollectionViewController.swift */; };
		7936212A3B48BC781956972B /* Pods_hc_sportsTests.framework in Frameworks */ = {isa = PBXBuildFile; fileRef = 3818C6B37FAC1EE5902529F6 /* Pods_hc_sportsTests.framework */; };
		92A556FCF85DC9BA2E9FC7E8 /* Pods_hc_sports.framework in Frameworks */ = {isa = PBXBuildFile; fileRef = BE826D12120C40043278F6FA /* Pods_hc_sports.framework */; };
		BB16BF671FE8267100044DAF /* teamVC.swift in Sources */ = {isa = PBXBuildFile; fileRef = BB16BF651FE8266800044DAF /* teamVC.swift */; };
		BB1BBCAB2030A3900062F3EB /* addToFavsViewController.swift in Sources */ = {isa = PBXBuildFile; fileRef = BB1BBCAA2030A3900062F3EB /* addToFavsViewController.swift */; };
		BB1BBCAD2030A53C0062F3EB /* addToFavsTableViewCell.swift in Sources */ = {isa = PBXBuildFile; fileRef = BB1BBCAC2030A53C0062F3EB /* addToFavsTableViewCell.swift */; };
		BB3126211FF4497E00A999BD /* RosterViewController.swift in Sources */ = {isa = PBXBuildFile; fileRef = BB3126201FF4497E00A999BD /* RosterViewController.swift */; };
		BB3126231FF44FE100A999BD /* RosterTableViewCell.swift in Sources */ = {isa = PBXBuildFile; fileRef = BB3126221FF44FE100A999BD /* RosterTableViewCell.swift */; };
		BB8A68E81FE3386C006ADF6B /* MyTableViewCell.swift in Sources */ = {isa = PBXBuildFile; fileRef = BB8A68E71FE3386B006ADF6B /* MyTableViewCell.swift */; };
		BBC2908A1FD489C0004109FC /* GoogleService-Info.plist in Resources */ = {isa = PBXBuildFile; fileRef = BBC290891FD489BF004109FC /* GoogleService-Info.plist */; };
		BBCDB5AC1FD7BF740079E821 /* SelectFavsViewController.swift in Sources */ = {isa = PBXBuildFile; fileRef = BBCDB5AB1FD7BF740079E821 /* SelectFavsViewController.swift */; };
		BBCDB5AE1FD7CDED0079E821 /* CustomCell.swift in Sources */ = {isa = PBXBuildFile; fileRef = BBCDB5AD1FD7CDED0079E821 /* CustomCell.swift */; };
		BBD177F81705E58D785D9C2F /* Pods_hc_sportsUITests.framework in Frameworks */ = {isa = PBXBuildFile; fileRef = 79935AB290B32C9FD26FEC3B /* Pods_hc_sportsUITests.framework */; };
		BBE21CD21FCF08FF00FFA1EF /* AllSportsViewController.swift in Sources */ = {isa = PBXBuildFile; fileRef = BBE21CD11FCF08FF00FFA1EF /* AllSportsViewController.swift */; };
		BBE21CD41FCF091F00FFA1EF /* HighlightsViewController.swift in Sources */ = {isa = PBXBuildFile; fileRef = BBE21CD31FCF091F00FFA1EF /* HighlightsViewController.swift */; };
		BBEA2FAD1FBE443E00583536 /* AppDelegate.swift in Sources */ = {isa = PBXBuildFile; fileRef = BBEA2FAC1FBE443E00583536 /* AppDelegate.swift */; };
		BBEA2FAF1FBE443E00583536 /* LandingViewController.swift in Sources */ = {isa = PBXBuildFile; fileRef = BBEA2FAE1FBE443E00583536 /* LandingViewController.swift */; };
		BBEA2FB11FBE443E00583536 /* FavoritesViewController.swift in Sources */ = {isa = PBXBuildFile; fileRef = BBEA2FB01FBE443E00583536 /* FavoritesViewController.swift */; };
		BBEA2FB41FBE443E00583536 /* Main.storyboard in Resources */ = {isa = PBXBuildFile; fileRef = BBEA2FB21FBE443E00583536 /* Main.storyboard */; };
		BBEA2FB61FBE443E00583536 /* Assets.xcassets in Resources */ = {isa = PBXBuildFile; fileRef = BBEA2FB51FBE443E00583536 /* Assets.xcassets */; };
		BBEA2FC41FBE443E00583536 /* hc_sportsTests.swift in Sources */ = {isa = PBXBuildFile; fileRef = BBEA2FC31FBE443E00583536 /* hc_sportsTests.swift */; };
		BBEA2FCF1FBE443F00583536 /* hc_sportsUITests.swift in Sources */ = {isa = PBXBuildFile; fileRef = BBEA2FCE1FBE443F00583536 /* hc_sportsUITests.swift */; };
/* End PBXBuildFile section */

/* Begin PBXContainerItemProxy section */
		BBEA2FC01FBE443E00583536 /* PBXContainerItemProxy */ = {
			isa = PBXContainerItemProxy;
			containerPortal = BBEA2FA11FBE443E00583536 /* Project object */;
			proxyType = 1;
			remoteGlobalIDString = BBEA2FA81FBE443E00583536;
			remoteInfo = "hc-sports";
		};
		BBEA2FCB1FBE443E00583536 /* PBXContainerItemProxy */ = {
			isa = PBXContainerItemProxy;
			containerPortal = BBEA2FA11FBE443E00583536 /* Project object */;
			proxyType = 1;
			remoteGlobalIDString = BBEA2FA81FBE443E00583536;
			remoteInfo = "hc-sports";
		};
/* End PBXContainerItemProxy section */

/* Begin PBXFileReference section */
		29CFA205DC4265ABC969B23D /* Pods-hc-sports.debug.xcconfig */ = {isa = PBXFileReference; includeInIndex = 1; lastKnownFileType = text.xcconfig; name = "Pods-hc-sports.debug.xcconfig"; path = "Pods/Target Support Files/Pods-hc-sports/Pods-hc-sports.debug.xcconfig"; sourceTree = "<group>"; };
		3818C6B37FAC1EE5902529F6 /* Pods_hc_sportsTests.framework */ = {isa = PBXFileReference; explicitFileType = wrapper.framework; includeInIndex = 0; path = Pods_hc_sportsTests.framework; sourceTree = BUILT_PRODUCTS_DIR; };
		50CEB9C7556CBEB3E9B58CB7 /* Pods-hc-sportsUITests.debug.xcconfig */ = {isa = PBXFileReference; includeInIndex = 1; lastKnownFileType = text.xcconfig; name = "Pods-hc-sportsUITests.debug.xcconfig"; path = "Pods/Target Support Files/Pods-hc-sportsUITests/Pods-hc-sportsUITests.debug.xcconfig"; sourceTree = "<group>"; };
		64E8AC37200093630F8AA4F4 /* Pods-hc-sportsTests.release.xcconfig */ = {isa = PBXFileReference; includeInIndex = 1; lastKnownFileType = text.xcconfig; name = "Pods-hc-sportsTests.release.xcconfig"; path = "Pods/Target Support Files/Pods-hc-sportsTests/Pods-hc-sportsTests.release.xcconfig"; sourceTree = "<group>"; };
		787B13AB205C2BD200F96A4B /* Men's Basketball.swift */ = {isa = PBXFileReference; lastKnownFileType = sourcecode.swift; path = "Men's Basketball.swift"; sourceTree = "<group>"; };
		787B13AD205C30FF00F96A4B /* Women's Basketball.swift */ = {isa = PBXFileReference; lastKnownFileType = sourcecode.swift; path = "Women's Basketball.swift"; sourceTree = "<group>"; };
		787B13AF205C320D00F96A4B /* Men's Soccer.swift */ = {isa = PBXFileReference; lastKnownFileType = sourcecode.swift; path = "Men's Soccer.swift"; sourceTree = "<group>"; };
		787B13B1205C331100F96A4B /* Women's Soccer.swift */ = {isa = PBXFileReference; lastKnownFileType = sourcecode.swift; path = "Women's Soccer.swift"; sourceTree = "<group>"; };
		787B13BB20602CC200F96A4B /* SportsCollectionViewController.swift */ = {isa = PBXFileReference; lastKnownFileType = sourcecode.swift; path = SportsCollectionViewController.swift; sourceTree = "<group>"; };
		79935AB290B32C9FD26FEC3B /* Pods_hc_sportsUITests.framework */ = {isa = PBXFileReference; explicitFileType = wrapper.framework; includeInIndex = 0; path = Pods_hc_sportsUITests.framework; sourceTree = BUILT_PRODUCTS_DIR; };
		955BF4B5216AC084DAC1FF6E /* Pods-hc-sportsUITests.release.xcconfig */ = {isa = PBXFileReference; includeInIndex = 1; lastKnownFileType = text.xcconfig; name = "Pods-hc-sportsUITests.release.xcconfig"; path = "Pods/Target Support Files/Pods-hc-sportsUITests/Pods-hc-sportsUITests.release.xcconfig"; sourceTree = "<group>"; };
		BB16BF651FE8266800044DAF /* teamVC.swift */ = {isa = PBXFileReference; fileEncoding = 4; lastKnownFileType = sourcecode.swift; path = teamVC.swift; sourceTree = "<group>"; };
		BB1BBCAA2030A3900062F3EB /* addToFavsViewController.swift */ = {isa = PBXFileReference; lastKnownFileType = sourcecode.swift; path = addToFavsViewController.swift; sourceTree = "<group>"; };
		BB1BBCAC2030A53C0062F3EB /* addToFavsTableViewCell.swift */ = {isa = PBXFileReference; lastKnownFileType = sourcecode.swift; path = addToFavsTableViewCell.swift; sourceTree = "<group>"; };
		BB3126201FF4497E00A999BD /* RosterViewController.swift */ = {isa = PBXFileReference; lastKnownFileType = sourcecode.swift; path = RosterViewController.swift; sourceTree = "<group>"; };
		BB3126221FF44FE100A999BD /* RosterTableViewCell.swift */ = {isa = PBXFileReference; lastKnownFileType = sourcecode.swift; path = RosterTableViewCell.swift; sourceTree = "<group>"; };
		BB8A68E71FE3386B006ADF6B /* MyTableViewCell.swift */ = {isa = PBXFileReference; lastKnownFileType = sourcecode.swift; path = MyTableViewCell.swift; sourceTree = "<group>"; };
		BBC290891FD489BF004109FC /* GoogleService-Info.plist */ = {isa = PBXFileReference; fileEncoding = 4; lastKnownFileType = text.plist.xml; path = "GoogleService-Info.plist"; sourceTree = SOURCE_ROOT; };
		BBCDB5AB1FD7BF740079E821 /* SelectFavsViewController.swift */ = {isa = PBXFileReference; lastKnownFileType = sourcecode.swift; path = SelectFavsViewController.swift; sourceTree = "<group>"; };
		BBCDB5AD1FD7CDED0079E821 /* CustomCell.swift */ = {isa = PBXFileReference; lastKnownFileType = sourcecode.swift; path = CustomCell.swift; sourceTree = "<group>"; };
		BBE21CD11FCF08FF00FFA1EF /* AllSportsViewController.swift */ = {isa = PBXFileReference; lastKnownFileType = sourcecode.swift; path = AllSportsViewController.swift; sourceTree = "<group>"; };
		BBE21CD31FCF091F00FFA1EF /* HighlightsViewController.swift */ = {isa = PBXFileReference; lastKnownFileType = sourcecode.swift; path = HighlightsViewController.swift; sourceTree = "<group>"; };
		BBEA2FA91FBE443E00583536 /* hc-sports.app */ = {isa = PBXFileReference; explicitFileType = wrapper.application; includeInIndex = 0; path = "hc-sports.app"; sourceTree = BUILT_PRODUCTS_DIR; };
		BBEA2FAC1FBE443E00583536 /* AppDelegate.swift */ = {isa = PBXFileReference; lastKnownFileType = sourcecode.swift; path = AppDelegate.swift; sourceTree = "<group>"; };
		BBEA2FAE1FBE443E00583536 /* LandingViewController.swift */ = {isa = PBXFileReference; lastKnownFileType = sourcecode.swift; path = LandingViewController.swift; sourceTree = "<group>"; };
		BBEA2FB01FBE443E00583536 /* FavoritesViewController.swift */ = {isa = PBXFileReference; lastKnownFileType = sourcecode.swift; path = FavoritesViewController.swift; sourceTree = "<group>"; };
		BBEA2FB31FBE443E00583536 /* Base */ = {isa = PBXFileReference; lastKnownFileType = file.storyboard; name = Base; path = Base.lproj/Main.storyboard; sourceTree = "<group>"; };
		BBEA2FB51FBE443E00583536 /* Assets.xcassets */ = {isa = PBXFileReference; lastKnownFileType = folder.assetcatalog; path = Assets.xcassets; sourceTree = "<group>"; };
		BBEA2FBA1FBE443E00583536 /* Info.plist */ = {isa = PBXFileReference; lastKnownFileType = text.plist.xml; path = Info.plist; sourceTree = "<group>"; };
		BBEA2FBF1FBE443E00583536 /* hc-sportsTests.xctest */ = {isa = PBXFileReference; explicitFileType = wrapper.cfbundle; includeInIndex = 0; path = "hc-sportsTests.xctest"; sourceTree = BUILT_PRODUCTS_DIR; };
		BBEA2FC31FBE443E00583536 /* hc_sportsTests.swift */ = {isa = PBXFileReference; lastKnownFileType = sourcecode.swift; path = hc_sportsTests.swift; sourceTree = "<group>"; };
		BBEA2FC51FBE443E00583536 /* Info.plist */ = {isa = PBXFileReference; lastKnownFileType = text.plist.xml; path = Info.plist; sourceTree = "<group>"; };
		BBEA2FCA1FBE443E00583536 /* hc-sportsUITests.xctest */ = {isa = PBXFileReference; explicitFileType = wrapper.cfbundle; includeInIndex = 0; path = "hc-sportsUITests.xctest"; sourceTree = BUILT_PRODUCTS_DIR; };
		BBEA2FCE1FBE443F00583536 /* hc_sportsUITests.swift */ = {isa = PBXFileReference; lastKnownFileType = sourcecode.swift; path = hc_sportsUITests.swift; sourceTree = "<group>"; };
		BBEA2FD01FBE443F00583536 /* Info.plist */ = {isa = PBXFileReference; lastKnownFileType = text.plist.xml; path = Info.plist; sourceTree = "<group>"; };
		BE826D12120C40043278F6FA /* Pods_hc_sports.framework */ = {isa = PBXFileReference; explicitFileType = wrapper.framework; includeInIndex = 0; path = Pods_hc_sports.framework; sourceTree = BUILT_PRODUCTS_DIR; };
		BE9EA76B02E84E5278168016 /* Pods-hc-sports.release.xcconfig */ = {isa = PBXFileReference; includeInIndex = 1; lastKnownFileType = text.xcconfig; name = "Pods-hc-sports.release.xcconfig"; path = "Pods/Target Support Files/Pods-hc-sports/Pods-hc-sports.release.xcconfig"; sourceTree = "<group>"; };
		C8D9AFF1691F82A141EB82D0 /* Pods-hc-sportsTests.debug.xcconfig */ = {isa = PBXFileReference; includeInIndex = 1; lastKnownFileType = text.xcconfig; name = "Pods-hc-sportsTests.debug.xcconfig"; path = "Pods/Target Support Files/Pods-hc-sportsTests/Pods-hc-sportsTests.debug.xcconfig"; sourceTree = "<group>"; };
/* End PBXFileReference section */

/* Begin PBXFrameworksBuildPhase section */
		BBEA2FA61FBE443E00583536 /* Frameworks */ = {
			isa = PBXFrameworksBuildPhase;
			buildActionMask = 2147483647;
			files = (
				92A556FCF85DC9BA2E9FC7E8 /* Pods_hc_sports.framework in Frameworks */,
			);
			runOnlyForDeploymentPostprocessing = 0;
		};
		BBEA2FBC1FBE443E00583536 /* Frameworks */ = {
			isa = PBXFrameworksBuildPhase;
			buildActionMask = 2147483647;
			files = (
				7936212A3B48BC781956972B /* Pods_hc_sportsTests.framework in Frameworks */,
			);
			runOnlyForDeploymentPostprocessing = 0;
		};
		BBEA2FC71FBE443E00583536 /* Frameworks */ = {
			isa = PBXFrameworksBuildPhase;
			buildActionMask = 2147483647;
			files = (
				BBD177F81705E58D785D9C2F /* Pods_hc_sportsUITests.framework in Frameworks */,
			);
			runOnlyForDeploymentPostprocessing = 0;
		};
/* End PBXFrameworksBuildPhase section */

/* Begin PBXGroup section */
		40395929F12EABCE3F845EA4 /* Frameworks */ = {
			isa = PBXGroup;
			children = (
				BE826D12120C40043278F6FA /* Pods_hc_sports.framework */,
				3818C6B37FAC1EE5902529F6 /* Pods_hc_sportsTests.framework */,
				79935AB290B32C9FD26FEC3B /* Pods_hc_sportsUITests.framework */,
			);
			name = Frameworks;
			sourceTree = "<group>";
		};
		9E233C7AD995219828666660 /* Pods */ = {
			isa = PBXGroup;
			children = (
				29CFA205DC4265ABC969B23D /* Pods-hc-sports.debug.xcconfig */,
				BE9EA76B02E84E5278168016 /* Pods-hc-sports.release.xcconfig */,
				C8D9AFF1691F82A141EB82D0 /* Pods-hc-sportsTests.debug.xcconfig */,
				64E8AC37200093630F8AA4F4 /* Pods-hc-sportsTests.release.xcconfig */,
				50CEB9C7556CBEB3E9B58CB7 /* Pods-hc-sportsUITests.debug.xcconfig */,
				955BF4B5216AC084DAC1FF6E /* Pods-hc-sportsUITests.release.xcconfig */,
			);
			name = Pods;
			sourceTree = "<group>";
		};
		BBEA2FA01FBE443E00583536 = {
			isa = PBXGroup;
			children = (
				BBEA2FAB1FBE443E00583536 /* hc-sports */,
				BBEA2FC21FBE443E00583536 /* hc-sportsTests */,
				BBEA2FCD1FBE443F00583536 /* hc-sportsUITests */,
				BBEA2FAA1FBE443E00583536 /* Products */,
				9E233C7AD995219828666660 /* Pods */,
				40395929F12EABCE3F845EA4 /* Frameworks */,
			);
			sourceTree = "<group>";
		};
		BBEA2FAA1FBE443E00583536 /* Products */ = {
			isa = PBXGroup;
			children = (
				BBEA2FA91FBE443E00583536 /* hc-sports.app */,
				BBEA2FBF1FBE443E00583536 /* hc-sportsTests.xctest */,
				BBEA2FCA1FBE443E00583536 /* hc-sportsUITests.xctest */,
			);
			name = Products;
			sourceTree = "<group>";
		};
		BBEA2FAB1FBE443E00583536 /* hc-sports */ = {
			isa = PBXGroup;
			children = (
				BBEA2FAC1FBE443E00583536 /* AppDelegate.swift */,
				BBEA2FAE1FBE443E00583536 /* LandingViewController.swift */,
				BBEA2FB01FBE443E00583536 /* FavoritesViewController.swift */,
				BBE21CD11FCF08FF00FFA1EF /* AllSportsViewController.swift */,
				BBE21CD31FCF091F00FFA1EF /* HighlightsViewController.swift */,
				BBCDB5AB1FD7BF740079E821 /* SelectFavsViewController.swift */,
				BBEA2FB21FBE443E00583536 /* Main.storyboard */,
				BBCDB5AD1FD7CDED0079E821 /* CustomCell.swift */,
				787B13BB20602CC200F96A4B /* SportsCollectionViewController.swift */,
				BB16BF651FE8266800044DAF /* teamVC.swift */,
				BBEA2FB51FBE443E00583536 /* Assets.xcassets */,
				BBEA2FBA1FBE443E00583536 /* Info.plist */,
				BBC290891FD489BF004109FC /* GoogleService-Info.plist */,
				BB8A68E71FE3386B006ADF6B /* MyTableViewCell.swift */,
				787B13AB205C2BD200F96A4B /* Men's Basketball.swift */,
				787B13AF205C320D00F96A4B /* Men's Soccer.swift */,
				787B13AD205C30FF00F96A4B /* Women's Basketball.swift */,
				787B13B1205C331100F96A4B /* Women's Soccer.swift */,
				BB3126201FF4497E00A999BD /* RosterViewController.swift */,
				BB3126221FF44FE100A999BD /* RosterTableViewCell.swift */,
				BB1BBCAA2030A3900062F3EB /* addToFavsViewController.swift */,
				BB1BBCAC2030A53C0062F3EB /* addToFavsTableViewCell.swift */,
			);
			path = "hc-sports";
			sourceTree = "<group>";
		};
		BBEA2FC21FBE443E00583536 /* hc-sportsTests */ = {
			isa = PBXGroup;
			children = (
				BBEA2FC31FBE443E00583536 /* hc_sportsTests.swift */,
				BBEA2FC51FBE443E00583536 /* Info.plist */,
			);
			path = "hc-sportsTests";
			sourceTree = "<group>";
		};
		BBEA2FCD1FBE443F00583536 /* hc-sportsUITests */ = {
			isa = PBXGroup;
			children = (
				BBEA2FCE1FBE443F00583536 /* hc_sportsUITests.swift */,
				BBEA2FD01FBE443F00583536 /* Info.plist */,
			);
			path = "hc-sportsUITests";
			sourceTree = "<group>";
		};
/* End PBXGroup section */

/* Begin PBXNativeTarget section */
		BBEA2FA81FBE443E00583536 /* hc-sports */ = {
			isa = PBXNativeTarget;
			buildConfigurationList = BBEA2FD31FBE443F00583536 /* Build configuration list for PBXNativeTarget "hc-sports" */;
			buildPhases = (
				962FB383BEA26C9D84F2DCDF /* [CP] Check Pods Manifest.lock */,
				BBEA2FA51FBE443E00583536 /* Sources */,
				BBEA2FA61FBE443E00583536 /* Frameworks */,
				BBEA2FA71FBE443E00583536 /* Resources */,
				86F82020DE232D9BB1D19176 /* [CP] Embed Pods Frameworks */,
				74347947198E1F7EC0A4818A /* [CP] Copy Pods Resources */,
			);
			buildRules = (
			);
			dependencies = (
			);
			name = "hc-sports";
			productName = "hc-sports";
			productReference = BBEA2FA91FBE443E00583536 /* hc-sports.app */;
			productType = "com.apple.product-type.application";
		};
		BBEA2FBE1FBE443E00583536 /* hc-sportsTests */ = {
			isa = PBXNativeTarget;
			buildConfigurationList = BBEA2FD61FBE443F00583536 /* Build configuration list for PBXNativeTarget "hc-sportsTests" */;
			buildPhases = (
				9BFE2FBB99B25005D449D2A8 /* [CP] Check Pods Manifest.lock */,
				BBEA2FBB1FBE443E00583536 /* Sources */,
				BBEA2FBC1FBE443E00583536 /* Frameworks */,
				BBEA2FBD1FBE443E00583536 /* Resources */,
				48E8FD0012A3F14B3A64CD9A /* [CP] Embed Pods Frameworks */,
				352546491959E7B4B1AE3BBE /* [CP] Copy Pods Resources */,
			);
			buildRules = (
			);
			dependencies = (
				BBEA2FC11FBE443E00583536 /* PBXTargetDependency */,
			);
			name = "hc-sportsTests";
			productName = "hc-sportsTests";
			productReference = BBEA2FBF1FBE443E00583536 /* hc-sportsTests.xctest */;
			productType = "com.apple.product-type.bundle.unit-test";
		};
		BBEA2FC91FBE443E00583536 /* hc-sportsUITests */ = {
			isa = PBXNativeTarget;
			buildConfigurationList = BBEA2FD91FBE443F00583536 /* Build configuration list for PBXNativeTarget "hc-sportsUITests" */;
			buildPhases = (
				A7465A0D49361CE0EDE896DC /* [CP] Check Pods Manifest.lock */,
				BBEA2FC61FBE443E00583536 /* Sources */,
				BBEA2FC71FBE443E00583536 /* Frameworks */,
				BBEA2FC81FBE443E00583536 /* Resources */,
				469138C4F29291EB90384687 /* [CP] Embed Pods Frameworks */,
				9C53ACE459CB88FE96561231 /* [CP] Copy Pods Resources */,
			);
			buildRules = (
			);
			dependencies = (
				BBEA2FCC1FBE443E00583536 /* PBXTargetDependency */,
			);
			name = "hc-sportsUITests";
			productName = "hc-sportsUITests";
			productReference = BBEA2FCA1FBE443E00583536 /* hc-sportsUITests.xctest */;
			productType = "com.apple.product-type.bundle.ui-testing";
		};
/* End PBXNativeTarget section */

/* Begin PBXProject section */
		BBEA2FA11FBE443E00583536 /* Project object */ = {
			isa = PBXProject;
			attributes = {
				LastSwiftUpdateCheck = 0910;
				LastUpgradeCheck = 0910;
				ORGANIZATIONNAME = "Stephanie Iglesias";
				TargetAttributes = {
					BBEA2FA81FBE443E00583536 = {
						CreatedOnToolsVersion = 9.1;
						ProvisioningStyle = Automatic;
					};
					BBEA2FBE1FBE443E00583536 = {
						CreatedOnToolsVersion = 9.1;
						ProvisioningStyle = Automatic;
						TestTargetID = BBEA2FA81FBE443E00583536;
					};
					BBEA2FC91FBE443E00583536 = {
						CreatedOnToolsVersion = 9.1;
						ProvisioningStyle = Automatic;
						TestTargetID = BBEA2FA81FBE443E00583536;
					};
				};
			};
			buildConfigurationList = BBEA2FA41FBE443E00583536 /* Build configuration list for PBXProject "hc-sports" */;
			compatibilityVersion = "Xcode 8.0";
			developmentRegion = en;
			hasScannedForEncodings = 0;
			knownRegions = (
				en,
				Base,
			);
			mainGroup = BBEA2FA01FBE443E00583536;
			productRefGroup = BBEA2FAA1FBE443E00583536 /* Products */;
			projectDirPath = "";
			projectRoot = "";
			targets = (
				BBEA2FA81FBE443E00583536 /* hc-sports */,
				BBEA2FBE1FBE443E00583536 /* hc-sportsTests */,
				BBEA2FC91FBE443E00583536 /* hc-sportsUITests */,
			);
		};
/* End PBXProject section */

/* Begin PBXResourcesBuildPhase section */
		BBEA2FA71FBE443E00583536 /* Resources */ = {
			isa = PBXResourcesBuildPhase;
			buildActionMask = 2147483647;
			files = (
				BBEA2FB61FBE443E00583536 /* Assets.xcassets in Resources */,
				BBC2908A1FD489C0004109FC /* GoogleService-Info.plist in Resources */,
				BBEA2FB41FBE443E00583536 /* Main.storyboard in Resources */,
			);
			runOnlyForDeploymentPostprocessing = 0;
		};
		BBEA2FBD1FBE443E00583536 /* Resources */ = {
			isa = PBXResourcesBuildPhase;
			buildActionMask = 2147483647;
			files = (
			);
			runOnlyForDeploymentPostprocessing = 0;
		};
		BBEA2FC81FBE443E00583536 /* Resources */ = {
			isa = PBXResourcesBuildPhase;
			buildActionMask = 2147483647;
			files = (
			);
			runOnlyForDeploymentPostprocessing = 0;
		};
/* End PBXResourcesBuildPhase section */

/* Begin PBXShellScriptBuildPhase section */
		352546491959E7B4B1AE3BBE /* [CP] Copy Pods Resources */ = {
			isa = PBXShellScriptBuildPhase;
			buildActionMask = 2147483647;
			files = (
			);
			inputPaths = (
			);
			name = "[CP] Copy Pods Resources";
			outputPaths = (
			);
			runOnlyForDeploymentPostprocessing = 0;
			shellPath = /bin/sh;
			shellScript = "\"${SRCROOT}/Pods/Target Support Files/Pods-hc-sportsTests/Pods-hc-sportsTests-resources.sh\"\n";
			showEnvVarsInLog = 0;
		};
		469138C4F29291EB90384687 /* [CP] Embed Pods Frameworks */ = {
			isa = PBXShellScriptBuildPhase;
			buildActionMask = 2147483647;
			files = (
			);
			inputPaths = (
			);
			name = "[CP] Embed Pods Frameworks";
			outputPaths = (
			);
			runOnlyForDeploymentPostprocessing = 0;
			shellPath = /bin/sh;
			shellScript = "\"${SRCROOT}/Pods/Target Support Files/Pods-hc-sportsUITests/Pods-hc-sportsUITests-frameworks.sh\"\n";
			showEnvVarsInLog = 0;
		};
		48E8FD0012A3F14B3A64CD9A /* [CP] Embed Pods Frameworks */ = {
			isa = PBXShellScriptBuildPhase;
			buildActionMask = 2147483647;
			files = (
			);
			inputPaths = (
			);
			name = "[CP] Embed Pods Frameworks";
			outputPaths = (
			);
			runOnlyForDeploymentPostprocessing = 0;
			shellPath = /bin/sh;
			shellScript = "\"${SRCROOT}/Pods/Target Support Files/Pods-hc-sportsTests/Pods-hc-sportsTests-frameworks.sh\"\n";
			showEnvVarsInLog = 0;
		};
		74347947198E1F7EC0A4818A /* [CP] Copy Pods Resources */ = {
			isa = PBXShellScriptBuildPhase;
			buildActionMask = 2147483647;
			files = (
			);
			inputPaths = (
				"${SRCROOT}/Pods/Target Support Files/Pods-hc-sports/Pods-hc-sports-resources.sh",
				"${PODS_ROOT}/TwitterKit/iOS/TwitterKit.framework/TwitterKitResources.bundle",
				"${PODS_ROOT}/TwitterKit/iOS/TwitterKit.framework/TwitterShareExtensionUIResources.bundle",
			);
			name = "[CP] Copy Pods Resources";
			outputPaths = (
				"${TARGET_BUILD_DIR}/${UNLOCALIZED_RESOURCES_FOLDER_PATH}/TwitterKitResources.bundle",
				"${TARGET_BUILD_DIR}/${UNLOCALIZED_RESOURCES_FOLDER_PATH}/TwitterShareExtensionUIResources.bundle",
			);
			runOnlyForDeploymentPostprocessing = 0;
			shellPath = /bin/sh;
			shellScript = "\"${SRCROOT}/Pods/Target Support Files/Pods-hc-sports/Pods-hc-sports-resources.sh\"\n";
			showEnvVarsInLog = 0;
		};
		86F82020DE232D9BB1D19176 /* [CP] Embed Pods Frameworks */ = {
			isa = PBXShellScriptBuildPhase;
			buildActionMask = 2147483647;
			files = (
			);
			inputPaths = (
				"${SRCROOT}/Pods/Target Support Files/Pods-hc-sports/Pods-hc-sports-frameworks.sh",
				"${BUILT_PRODUCTS_DIR}/GoogleToolboxForMac/GoogleToolboxForMac.framework",
				"${PODS_ROOT}/TwitterCore/iOS/TwitterCore.framework",
				"${PODS_ROOT}/TwitterKit/iOS/TwitterKit.framework",
				"${BUILT_PRODUCTS_DIR}/leveldb-library/leveldb.framework",
				"${BUILT_PRODUCTS_DIR}/nanopb/nanopb.framework",
			);
			name = "[CP] Embed Pods Frameworks";
			outputPaths = (
				"${TARGET_BUILD_DIR}/${FRAMEWORKS_FOLDER_PATH}/GoogleToolboxForMac.framework",
				"${TARGET_BUILD_DIR}/${FRAMEWORKS_FOLDER_PATH}/TwitterCore.framework",
				"${TARGET_BUILD_DIR}/${FRAMEWORKS_FOLDER_PATH}/TwitterKit.framework",
				"${TARGET_BUILD_DIR}/${FRAMEWORKS_FOLDER_PATH}/leveldb.framework",
				"${TARGET_BUILD_DIR}/${FRAMEWORKS_FOLDER_PATH}/nanopb.framework",
			);
			runOnlyForDeploymentPostprocessing = 0;
			shellPath = /bin/sh;
			shellScript = "\"${SRCROOT}/Pods/Target Support Files/Pods-hc-sports/Pods-hc-sports-frameworks.sh\"\n";
			showEnvVarsInLog = 0;
		};
		962FB383BEA26C9D84F2DCDF /* [CP] Check Pods Manifest.lock */ = {
			isa = PBXShellScriptBuildPhase;
			buildActionMask = 2147483647;
			files = (
			);
			inputPaths = (
				"${PODS_PODFILE_DIR_PATH}/Podfile.lock",
				"${PODS_ROOT}/Manifest.lock",
			);
			name = "[CP] Check Pods Manifest.lock";
			outputPaths = (
				"$(DERIVED_FILE_DIR)/Pods-hc-sports-checkManifestLockResult.txt",
			);
			runOnlyForDeploymentPostprocessing = 0;
			shellPath = /bin/sh;
			shellScript = "diff \"${PODS_PODFILE_DIR_PATH}/Podfile.lock\" \"${PODS_ROOT}/Manifest.lock\" > /dev/null\nif [ $? != 0 ] ; then\n    # print error to STDERR\n    echo \"error: The sandbox is not in sync with the Podfile.lock. Run 'pod install' or update your CocoaPods installation.\" >&2\n    exit 1\nfi\n# This output is used by Xcode 'outputs' to avoid re-running this script phase.\necho \"SUCCESS\" > \"${SCRIPT_OUTPUT_FILE_0}\"\n";
			showEnvVarsInLog = 0;
		};
		9BFE2FBB99B25005D449D2A8 /* [CP] Check Pods Manifest.lock */ = {
			isa = PBXShellScriptBuildPhase;
			buildActionMask = 2147483647;
			files = (
			);
			inputPaths = (
				"${PODS_PODFILE_DIR_PATH}/Podfile.lock",
				"${PODS_ROOT}/Manifest.lock",
			);
			name = "[CP] Check Pods Manifest.lock";
			outputPaths = (
				"$(DERIVED_FILE_DIR)/Pods-hc-sportsTests-checkManifestLockResult.txt",
			);
			runOnlyForDeploymentPostprocessing = 0;
			shellPath = /bin/sh;
			shellScript = "diff \"${PODS_PODFILE_DIR_PATH}/Podfile.lock\" \"${PODS_ROOT}/Manifest.lock\" > /dev/null\nif [ $? != 0 ] ; then\n    # print error to STDERR\n    echo \"error: The sandbox is not in sync with the Podfile.lock. Run 'pod install' or update your CocoaPods installation.\" >&2\n    exit 1\nfi\n# This output is used by Xcode 'outputs' to avoid re-running this script phase.\necho \"SUCCESS\" > \"${SCRIPT_OUTPUT_FILE_0}\"\n";
			showEnvVarsInLog = 0;
		};
		9C53ACE459CB88FE96561231 /* [CP] Copy Pods Resources */ = {
			isa = PBXShellScriptBuildPhase;
			buildActionMask = 2147483647;
			files = (
			);
			inputPaths = (
			);
			name = "[CP] Copy Pods Resources";
			outputPaths = (
			);
			runOnlyForDeploymentPostprocessing = 0;
			shellPath = /bin/sh;
			shellScript = "\"${SRCROOT}/Pods/Target Support Files/Pods-hc-sportsUITests/Pods-hc-sportsUITests-resources.sh\"\n";
			showEnvVarsInLog = 0;
		};
		A7465A0D49361CE0EDE896DC /* [CP] Check Pods Manifest.lock */ = {
			isa = PBXShellScriptBuildPhase;
			buildActionMask = 2147483647;
			files = (
			);
			inputPaths = (
				"${PODS_PODFILE_DIR_PATH}/Podfile.lock",
				"${PODS_ROOT}/Manifest.lock",
			);
			name = "[CP] Check Pods Manifest.lock";
			outputPaths = (
				"$(DERIVED_FILE_DIR)/Pods-hc-sportsUITests-checkManifestLockResult.txt",
			);
			runOnlyForDeploymentPostprocessing = 0;
			shellPath = /bin/sh;
			shellScript = "diff \"${PODS_PODFILE_DIR_PATH}/Podfile.lock\" \"${PODS_ROOT}/Manifest.lock\" > /dev/null\nif [ $? != 0 ] ; then\n    # print error to STDERR\n    echo \"error: The sandbox is not in sync with the Podfile.lock. Run 'pod install' or update your CocoaPods installation.\" >&2\n    exit 1\nfi\n# This output is used by Xcode 'outputs' to avoid re-running this script phase.\necho \"SUCCESS\" > \"${SCRIPT_OUTPUT_FILE_0}\"\n";
			showEnvVarsInLog = 0;
		};
/* End PBXShellScriptBuildPhase section */

/* Begin PBXSourcesBuildPhase section */
		BBEA2FA51FBE443E00583536 /* Sources */ = {
			isa = PBXSourcesBuildPhase;
			buildActionMask = 2147483647;
			files = (
				BBEA2FB11FBE443E00583536 /* FavoritesViewController.swift in Sources */,
				787B13B2205C331100F96A4B /* Women's Soccer.swift in Sources */,
				BB8A68E81FE3386C006ADF6B /* MyTableViewCell.swift in Sources */,
				BB1BBCAD2030A53C0062F3EB /* addToFavsTableViewCell.swift in Sources */,
				BBCDB5AC1FD7BF740079E821 /* SelectFavsViewController.swift in Sources */,
				787B13AE205C30FF00F96A4B /* Women's Basketball.swift in Sources */,
				BBEA2FAD1FBE443E00583536 /* AppDelegate.swift in Sources */,
				787B13B0205C320D00F96A4B /* Men's Soccer.swift in Sources */,
				BB16BF671FE8267100044DAF /* teamVC.swift in Sources */,
				BB3126211FF4497E00A999BD /* RosterViewController.swift in Sources */,
				BBCDB5AE1FD7CDED0079E821 /* CustomCell.swift in Sources */,
				787B13AC205C2BD200F96A4B /* Men's Basketball.swift in Sources */,
				BBEA2FAF1FBE443E00583536 /* LandingViewController.swift in Sources */,
				BBE21CD41FCF091F00FFA1EF /* HighlightsViewController.swift in Sources */,
				BBE21CD21FCF08FF00FFA1EF /* AllSportsViewController.swift in Sources */,
				787B13BC20602CC200F96A4B /* SportsCollectionViewController.swift in Sources */,
				BB3126231FF44FE100A999BD /* RosterTableViewCell.swift in Sources */,
				BB1BBCAB2030A3900062F3EB /* addToFavsViewController.swift in Sources */,
			);
			runOnlyForDeploymentPostprocessing = 0;
		};
		BBEA2FBB1FBE443E00583536 /* Sources */ = {
			isa = PBXSourcesBuildPhase;
			buildActionMask = 2147483647;
			files = (
				BBEA2FC41FBE443E00583536 /* hc_sportsTests.swift in Sources */,
			);
			runOnlyForDeploymentPostprocessing = 0;
		};
		BBEA2FC61FBE443E00583536 /* Sources */ = {
			isa = PBXSourcesBuildPhase;
			buildActionMask = 2147483647;
			files = (
				BBEA2FCF1FBE443F00583536 /* hc_sportsUITests.swift in Sources */,
			);
			runOnlyForDeploymentPostprocessing = 0;
		};
/* End PBXSourcesBuildPhase section */

/* Begin PBXTargetDependency section */
		BBEA2FC11FBE443E00583536 /* PBXTargetDependency */ = {
			isa = PBXTargetDependency;
			target = BBEA2FA81FBE443E00583536 /* hc-sports */;
			targetProxy = BBEA2FC01FBE443E00583536 /* PBXContainerItemProxy */;
		};
		BBEA2FCC1FBE443E00583536 /* PBXTargetDependency */ = {
			isa = PBXTargetDependency;
			target = BBEA2FA81FBE443E00583536 /* hc-sports */;
			targetProxy = BBEA2FCB1FBE443E00583536 /* PBXContainerItemProxy */;
		};
/* End PBXTargetDependency section */

/* Begin PBXVariantGroup section */
		BBEA2FB21FBE443E00583536 /* Main.storyboard */ = {
			isa = PBXVariantGroup;
			children = (
				BBEA2FB31FBE443E00583536 /* Base */,
			);
			name = Main.storyboard;
			sourceTree = "<group>";
		};
/* End PBXVariantGroup section */

/* Begin XCBuildConfiguration section */
		BBEA2FD11FBE443F00583536 /* Debug */ = {
			isa = XCBuildConfiguration;
			buildSettings = {
				ALWAYS_SEARCH_USER_PATHS = NO;
				CLANG_ANALYZER_NONNULL = YES;
				CLANG_ANALYZER_NUMBER_OBJECT_CONVERSION = YES_AGGRESSIVE;
				CLANG_CXX_LANGUAGE_STANDARD = "gnu++14";
				CLANG_CXX_LIBRARY = "libc++";
				CLANG_ENABLE_MODULES = YES;
				CLANG_ENABLE_OBJC_ARC = YES;
				CLANG_WARN_BLOCK_CAPTURE_AUTORELEASING = YES;
				CLANG_WARN_BOOL_CONVERSION = YES;
				CLANG_WARN_COMMA = YES;
				CLANG_WARN_CONSTANT_CONVERSION = YES;
				CLANG_WARN_DIRECT_OBJC_ISA_USAGE = YES_ERROR;
				CLANG_WARN_DOCUMENTATION_COMMENTS = YES;
				CLANG_WARN_EMPTY_BODY = YES;
				CLANG_WARN_ENUM_CONVERSION = YES;
				CLANG_WARN_INFINITE_RECURSION = YES;
				CLANG_WARN_INT_CONVERSION = YES;
				CLANG_WARN_NON_LITERAL_NULL_CONVERSION = YES;
				CLANG_WARN_OBJC_LITERAL_CONVERSION = YES;
				CLANG_WARN_OBJC_ROOT_CLASS = YES_ERROR;
				CLANG_WARN_RANGE_LOOP_ANALYSIS = YES;
				CLANG_WARN_STRICT_PROTOTYPES = YES;
				CLANG_WARN_SUSPICIOUS_MOVE = YES;
				CLANG_WARN_UNGUARDED_AVAILABILITY = YES_AGGRESSIVE;
				CLANG_WARN_UNREACHABLE_CODE = YES;
				CLANG_WARN__DUPLICATE_METHOD_MATCH = YES;
				CODE_SIGN_IDENTITY = "iPhone Developer";
				COPY_PHASE_STRIP = NO;
				DEBUG_INFORMATION_FORMAT = dwarf;
				ENABLE_STRICT_OBJC_MSGSEND = YES;
				ENABLE_TESTABILITY = YES;
				GCC_C_LANGUAGE_STANDARD = gnu11;
				GCC_DYNAMIC_NO_PIC = NO;
				GCC_NO_COMMON_BLOCKS = YES;
				GCC_OPTIMIZATION_LEVEL = 0;
				GCC_PREPROCESSOR_DEFINITIONS = (
					"DEBUG=1",
					"$(inherited)",
				);
				GCC_WARN_64_TO_32_BIT_CONVERSION = YES;
				GCC_WARN_ABOUT_RETURN_TYPE = YES_ERROR;
				GCC_WARN_UNDECLARED_SELECTOR = YES;
				GCC_WARN_UNINITIALIZED_AUTOS = YES_AGGRESSIVE;
				GCC_WARN_UNUSED_FUNCTION = YES;
				GCC_WARN_UNUSED_VARIABLE = YES;
				IPHONEOS_DEPLOYMENT_TARGET = 11.1;
				MTL_ENABLE_DEBUG_INFO = YES;
				ONLY_ACTIVE_ARCH = YES;
				SDKROOT = iphoneos;
				SWIFT_ACTIVE_COMPILATION_CONDITIONS = DEBUG;
				SWIFT_OPTIMIZATION_LEVEL = "-Onone";
			};
			name = Debug;
		};
		BBEA2FD21FBE443F00583536 /* Release */ = {
			isa = XCBuildConfiguration;
			buildSettings = {
				ALWAYS_SEARCH_USER_PATHS = NO;
				CLANG_ANALYZER_NONNULL = YES;
				CLANG_ANALYZER_NUMBER_OBJECT_CONVERSION = YES_AGGRESSIVE;
				CLANG_CXX_LANGUAGE_STANDARD = "gnu++14";
				CLANG_CXX_LIBRARY = "libc++";
				CLANG_ENABLE_MODULES = YES;
				CLANG_ENABLE_OBJC_ARC = YES;
				CLANG_WARN_BLOCK_CAPTURE_AUTORELEASING = YES;
				CLANG_WARN_BOOL_CONVERSION = YES;
				CLANG_WARN_COMMA = YES;
				CLANG_WARN_CONSTANT_CONVERSION = YES;
				CLANG_WARN_DIRECT_OBJC_ISA_USAGE = YES_ERROR;
				CLANG_WARN_DOCUMENTATION_COMMENTS = YES;
				CLANG_WARN_EMPTY_BODY = YES;
				CLANG_WARN_ENUM_CONVERSION = YES;
				CLANG_WARN_INFINITE_RECURSION = YES;
				CLANG_WARN_INT_CONVERSION = YES;
				CLANG_WARN_NON_LITERAL_NULL_CONVERSION = YES;
				CLANG_WARN_OBJC_LITERAL_CONVERSION = YES;
				CLANG_WARN_OBJC_ROOT_CLASS = YES_ERROR;
				CLANG_WARN_RANGE_LOOP_ANALYSIS = YES;
				CLANG_WARN_STRICT_PROTOTYPES = YES;
				CLANG_WARN_SUSPICIOUS_MOVE = YES;
				CLANG_WARN_UNGUARDED_AVAILABILITY = YES_AGGRESSIVE;
				CLANG_WARN_UNREACHABLE_CODE = YES;
				CLANG_WARN__DUPLICATE_METHOD_MATCH = YES;
				CODE_SIGN_IDENTITY = "iPhone Developer";
				COPY_PHASE_STRIP = NO;
				DEBUG_INFORMATION_FORMAT = "dwarf-with-dsym";
				ENABLE_NS_ASSERTIONS = NO;
				ENABLE_STRICT_OBJC_MSGSEND = YES;
				GCC_C_LANGUAGE_STANDARD = gnu11;
				GCC_NO_COMMON_BLOCKS = YES;
				GCC_WARN_64_TO_32_BIT_CONVERSION = YES;
				GCC_WARN_ABOUT_RETURN_TYPE = YES_ERROR;
				GCC_WARN_UNDECLARED_SELECTOR = YES;
				GCC_WARN_UNINITIALIZED_AUTOS = YES_AGGRESSIVE;
				GCC_WARN_UNUSED_FUNCTION = YES;
				GCC_WARN_UNUSED_VARIABLE = YES;
				IPHONEOS_DEPLOYMENT_TARGET = 11.1;
				MTL_ENABLE_DEBUG_INFO = NO;
				SDKROOT = iphoneos;
				SWIFT_OPTIMIZATION_LEVEL = "-Owholemodule";
				VALIDATE_PRODUCT = YES;
			};
			name = Release;
		};
		BBEA2FD41FBE443F00583536 /* Debug */ = {
			isa = XCBuildConfiguration;
			baseConfigurationReference = 29CFA205DC4265ABC969B23D /* Pods-hc-sports.debug.xcconfig */;
			buildSettings = {
				ASSETCATALOG_COMPILER_APPICON_NAME = AppIcon;
				"CODE_SIGN_IDENTITY[sdk=iphoneos*]" = "iPhone Developer";
				CODE_SIGN_STYLE = Automatic;
				DEVELOPMENT_TEAM = 49U69M6GXB;
				INFOPLIST_FILE = "hc-sports/Info.plist";
				IPHONEOS_DEPLOYMENT_TARGET = 11.1;
				LD_RUNPATH_SEARCH_PATHS = "$(inherited) @executable_path/Frameworks";
				PRODUCT_BUNDLE_IDENTIFIER = "SPI.HC-Sports";
				PRODUCT_NAME = "$(TARGET_NAME)";
				PROVISIONING_PROFILE_SPECIFIER = "";
				SWIFT_VERSION = 4.0;
				TARGETED_DEVICE_FAMILY = "1,2";
			};
			name = Debug;
		};
		BBEA2FD51FBE443F00583536 /* Release */ = {
			isa = XCBuildConfiguration;
			baseConfigurationReference = BE9EA76B02E84E5278168016 /* Pods-hc-sports.release.xcconfig */;
			buildSettings = {
				ASSETCATALOG_COMPILER_APPICON_NAME = AppIcon;
				"CODE_SIGN_IDENTITY[sdk=iphoneos*]" = "iPhone Developer";
				CODE_SIGN_STYLE = Automatic;
				DEVELOPMENT_TEAM = 49U69M6GXB;
				INFOPLIST_FILE = "hc-sports/Info.plist";
				IPHONEOS_DEPLOYMENT_TARGET = 11.1;
				LD_RUNPATH_SEARCH_PATHS = "$(inherited) @executable_path/Frameworks";
				PRODUCT_BUNDLE_IDENTIFIER = "SPI.HC-Sports";
				PRODUCT_NAME = "$(TARGET_NAME)";
				PROVISIONING_PROFILE_SPECIFIER = "";
				SWIFT_VERSION = 4.0;
				TARGETED_DEVICE_FAMILY = "1,2";
			};
			name = Release;
		};
		BBEA2FD71FBE443F00583536 /* Debug */ = {
			isa = XCBuildConfiguration;
			baseConfigurationReference = C8D9AFF1691F82A141EB82D0 /* Pods-hc-sportsTests.debug.xcconfig */;
			buildSettings = {
				ALWAYS_EMBED_SWIFT_STANDARD_LIBRARIES = YES;
				BUNDLE_LOADER = "$(TEST_HOST)";
				CODE_SIGN_STYLE = Automatic;
				DEVELOPMENT_TEAM = 49U69M6GXB;
				INFOPLIST_FILE = "hc-sportsTests/Info.plist";
				LD_RUNPATH_SEARCH_PATHS = "$(inherited) @executable_path/Frameworks @loader_path/Frameworks";
				PRODUCT_BUNDLE_IDENTIFIER = "SPI.hc-sportsTests";
				PRODUCT_NAME = "$(TARGET_NAME)";
				SWIFT_VERSION = 4.0;
				TARGETED_DEVICE_FAMILY = "1,2";
				TEST_HOST = "$(BUILT_PRODUCTS_DIR)/hc-sports.app/hc-sports";
			};
			name = Debug;
		};
		BBEA2FD81FBE443F00583536 /* Release */ = {
			isa = XCBuildConfiguration;
			baseConfigurationReference = 64E8AC37200093630F8AA4F4 /* Pods-hc-sportsTests.release.xcconfig */;
			buildSettings = {
				ALWAYS_EMBED_SWIFT_STANDARD_LIBRARIES = YES;
				BUNDLE_LOADER = "$(TEST_HOST)";
				CODE_SIGN_STYLE = Automatic;
				DEVELOPMENT_TEAM = 49U69M6GXB;
				INFOPLIST_FILE = "hc-sportsTests/Info.plist";
				LD_RUNPATH_SEARCH_PATHS = "$(inherited) @executable_path/Frameworks @loader_path/Frameworks";
				PRODUCT_BUNDLE_IDENTIFIER = "SPI.hc-sportsTests";
				PRODUCT_NAME = "$(TARGET_NAME)";
				SWIFT_VERSION = 4.0;
				TARGETED_DEVICE_FAMILY = "1,2";
				TEST_HOST = "$(BUILT_PRODUCTS_DIR)/hc-sports.app/hc-sports";
			};
			name = Release;
		};
		BBEA2FDA1FBE443F00583536 /* Debug */ = {
			isa = XCBuildConfiguration;
			baseConfigurationReference = 50CEB9C7556CBEB3E9B58CB7 /* Pods-hc-sportsUITests.debug.xcconfig */;
			buildSettings = {
				ALWAYS_EMBED_SWIFT_STANDARD_LIBRARIES = YES;
				CODE_SIGN_STYLE = Automatic;
				DEVELOPMENT_TEAM = 49U69M6GXB;
				INFOPLIST_FILE = "hc-sportsUITests/Info.plist";
				LD_RUNPATH_SEARCH_PATHS = "$(inherited) @executable_path/Frameworks @loader_path/Frameworks";
				PRODUCT_BUNDLE_IDENTIFIER = "SPI.hc-sportsUITests";
				PRODUCT_NAME = "$(TARGET_NAME)";
				SWIFT_VERSION = 4.0;
				TARGETED_DEVICE_FAMILY = "1,2";
				TEST_TARGET_NAME = "hc-sports";
			};
			name = Debug;
		};
		BBEA2FDB1FBE443F00583536 /* Release */ = {
			isa = XCBuildConfiguration;
			baseConfigurationReference = 955BF4B5216AC084DAC1FF6E /* Pods-hc-sportsUITests.release.xcconfig */;
			buildSettings = {
				ALWAYS_EMBED_SWIFT_STANDARD_LIBRARIES = YES;
				CODE_SIGN_STYLE = Automatic;
				DEVELOPMENT_TEAM = 49U69M6GXB;
				INFOPLIST_FILE = "hc-sportsUITests/Info.plist";
				LD_RUNPATH_SEARCH_PATHS = "$(inherited) @executable_path/Frameworks @loader_path/Frameworks";
				PRODUCT_BUNDLE_IDENTIFIER = "SPI.hc-sportsUITests";
				PRODUCT_NAME = "$(TARGET_NAME)";
				SWIFT_VERSION = 4.0;
				TARGETED_DEVICE_FAMILY = "1,2";
				TEST_TARGET_NAME = "hc-sports";
			};
			name = Release;
		};
/* End XCBuildConfiguration section */

/* Begin XCConfigurationList section */
		BBEA2FA41FBE443E00583536 /* Build configuration list for PBXProject "hc-sports" */ = {
			isa = XCConfigurationList;
			buildConfigurations = (
				BBEA2FD11FBE443F00583536 /* Debug */,
				BBEA2FD21FBE443F00583536 /* Release */,
			);
			defaultConfigurationIsVisible = 0;
			defaultConfigurationName = Release;
		};
		BBEA2FD31FBE443F00583536 /* Build configuration list for PBXNativeTarget "hc-sports" */ = {
			isa = XCConfigurationList;
			buildConfigurations = (
				BBEA2FD41FBE443F00583536 /* Debug */,
				BBEA2FD51FBE443F00583536 /* Release */,
			);
			defaultConfigurationIsVisible = 0;
			defaultConfigurationName = Release;
		};
		BBEA2FD61FBE443F00583536 /* Build configuration list for PBXNativeTarget "hc-sportsTests" */ = {
			isa = XCConfigurationList;
			buildConfigurations = (
				BBEA2FD71FBE443F00583536 /* Debug */,
				BBEA2FD81FBE443F00583536 /* Release */,
			);
			defaultConfigurationIsVisible = 0;
			defaultConfigurationName = Release;
		};
		BBEA2FD91FBE443F00583536 /* Build configuration list for PBXNativeTarget "hc-sportsUITests" */ = {
			isa = XCConfigurationList;
			buildConfigurations = (
				BBEA2FDA1FBE443F00583536 /* Debug */,
				BBEA2FDB1FBE443F00583536 /* Release */,
			);
			defaultConfigurationIsVisible = 0;
			defaultConfigurationName = Release;
		};
/* End XCConfigurationList section */
	};
	rootObject = BBEA2FA11FBE443E00583536 /* Project object */;
}
